
Microsoft Visual Studio Solution File, Format Version 12.00
# Visual Studio Version 17
VisualStudioVersion = 17.11.35327.3
MinimumVisualStudioVersion = 10.0.40219.1
Project("{8BC9CEB8-8B4A-11D0-8D11-00A0C91BC942}") = "bai2", "bai2\bai2.vcxproj", "{B8CE8C47-2620-4D3A-8A72-A127BB2EBA78}"
EndProject
Global
	GlobalSection(SolutionConfigurationPlatforms) = preSolution
		Debug|x64 = Debug|x64
		Debug|x86 = Debug|x86
		Release|x64 = Release|x64
		Release|x86 = Release|x86
	EndGlobalSection
	GlobalSection(ProjectConfigurationPlatforms) = postSolution
		{B8CE8C47-2620-4D3A-8A72-A127BB2EBA78}.Debug|x64.ActiveCfg = Debug|x64
		{B8CE8C47-2620-4D3A-8A72-A127BB2EBA78}.Debug|x64.Build.0 = Debug|x64
		{B8CE8C47-2620-4D3A-8A72-A127BB2EBA78}.Debug|x86.ActiveCfg = Debug|Win32
		{B8CE8C47-2620-4D3A-8A72-A127BB2EBA78}.Debug|x86.Build.0 = Debug|Win32
		{B8CE8C47-2620-4D3A-8A72-A127BB2EBA78}.Release|x64.ActiveCfg = Release|x64
		{B8CE8C47-2620-4D3A-8A72-A127BB2EBA78}.Release|x64.Build.0 = Release|x64
		{B8CE8C47-2620-4D3A-8A72-A127BB2EBA78}.Release|x86.ActiveCfg = Release|Win32
		{B8CE8C47-2620-4D3A-8A72-A127BB2EBA78}.Release|x86.Build.0 = Release|Win32
	EndGlobalSection
	GlobalSection(SolutionProperties) = preSolution
		HideSolutionNode = FALSE
	EndGlobalSection
	GlobalSection(ExtensibilityGlobals) = postSolution
		SolutionGuid = {378E519A-7613-45E5-A6BC-AFF0CCB31AE5}
	EndGlobalSection
EndGlobal
