
Microsoft Visual Studio Solution File, Format Version 12.00
# Visual Studio Version 17
VisualStudioVersion = 17.11.35327.3
MinimumVisualStudioVersion = 10.0.40219.1
Project("{8BC9CEB8-8B4A-11D0-8D11-00A0C91BC942}") = "bai1", "bai1\bai1.vcxproj", "{A101065B-56F3-474C-AB91-CD05B8F3C5BC}"
EndProject
Global
	GlobalSection(SolutionConfigurationPlatforms) = preSolution
		Debug|x64 = Debug|x64
		Debug|x86 = Debug|x86
		Release|x64 = Release|x64
		Release|x86 = Release|x86
	EndGlobalSection
	GlobalSection(ProjectConfigurationPlatforms) = postSolution
		{A101065B-56F3-474C-AB91-CD05B8F3C5BC}.Debug|x64.ActiveCfg = Debug|x64
		{A101065B-56F3-474C-AB91-CD05B8F3C5BC}.Debug|x64.Build.0 = Debug|x64
		{A101065B-56F3-474C-AB91-CD05B8F3C5BC}.Debug|x86.ActiveCfg = Debug|Win32
		{A101065B-56F3-474C-AB91-CD05B8F3C5BC}.Debug|x86.Build.0 = Debug|Win32
		{A101065B-56F3-474C-AB91-CD05B8F3C5BC}.Release|x64.ActiveCfg = Release|x64
		{A101065B-56F3-474C-AB91-CD05B8F3C5BC}.Release|x64.Build.0 = Release|x64
		{A101065B-56F3-474C-AB91-CD05B8F3C5BC}.Release|x86.ActiveCfg = Release|Win32
		{A101065B-56F3-474C-AB91-CD05B8F3C5BC}.Release|x86.Build.0 = Release|Win32
	EndGlobalSection
	GlobalSection(SolutionProperties) = preSolution
		HideSolutionNode = FALSE
	EndGlobalSection
	GlobalSection(ExtensibilityGlobals) = postSolution
		SolutionGuid = {8036A9D2-024F-4A33-8547-BE8ACF7038F4}
	EndGlobalSection
EndGlobal
